# This file is automatically @generated by Cargo.
# It is not intended for manual editing.
[[package]]
name = "license"
version = "1.1.8"
source = "registry+https://github.com/rust-lang/crates.io-index"
checksum = "bcd266f6a079ee3772c0514bedde3eabc6e86b89c09d122f9c00cf8d69717579"

[[package]]
name = "licensor"
version = "1.0.0"
dependencies = [
 "license",
]
